{
  "version": 4,
  "terraform_version": "1.3.8",
  "serial": 87,
  "lineage": "33946286-6109-14ca-ecbf-a604d9668e6c",
  "outputs": {},
  "resources": [
    {
      "mode": "managed",
      "type": "aws_lambda_permission",
      "name": "allow_cloudwatch_to_call_check_foo",
      "provider": "provider[\"registry.terraform.io/hashicorp/aws\"]",
      "instances": [
        {
          "schema_version": 0,
          "attributes": {
            "action": "lambda:InvokeFunction",
            "event_source_token": null,
            "function_name": "lambda-producer_terraform_1",
            "function_url_auth_type": null,
            "id": "AllowExecutionFromCloudWatch",
            "principal": "events.amazonaws.com",
            "principal_org_id": null,
            "qualifier": "",
            "source_account": null,
            "source_arn": "arn:aws:events:ap-southeast-1:082306550459:rule/every-twenty-minutes",
            "statement_id": "AllowExecutionFromCloudWatch",
            "statement_id_prefix": ""
          },
          "sensitive_attributes": [],
          "private": "bnVsbA==",
          "dependencies": [
            "module.IAM_lambda_role.aws_iam_role.iam_lambda_producer",
            "module.eventbridge_trigger.aws_cloudwatch_event_rule.interval_rule",
            "module.lambda_layer_kafkapython.aws_lambda_layer_version.lambda_layers",
            "module.lambda_layer_requests.aws_lambda_layer_version.lambda_layers",
            "module.lambda_producer_function_1.aws_lambda_function.lambda_function"
          ]
        }
      ]
    },
    {
      "mode": "managed",
      "type": "aws_s3_object",
      "name": "glue_job_1",
      "provider": "provider[\"registry.terraform.io/hashicorp/aws\"]",
      "instances": [
        {
          "schema_version": 0,
          "attributes": {
            "acl": "public-read",
            "bucket": "glue-job-scripts-bitcoin1",
            "bucket_key_enabled": false,
            "cache_control": "",
            "content": null,
            "content_base64": null,
            "content_disposition": "",
            "content_encoding": "",
            "content_language": "",
            "content_type": "binary/octet-stream",
            "etag": "5ce9f516546762fade76f5fe8cb48e10",
            "force_destroy": false,
            "id": "layer_1/KafkastreamETL.py",
            "key": "layer_1/KafkastreamETL.py",
            "kms_key_id": null,
            "metadata": {},
            "object_lock_legal_hold_status": "",
            "object_lock_mode": "",
            "object_lock_retain_until_date": "",
            "server_side_encryption": "AES256",
            "source": "../../etl/SparkstreamGlue/KafkastreamETL.py",
            "source_hash": null,
            "storage_class": "STANDARD",
            "tags": {},
            "tags_all": {},
            "version_id": "",
            "website_redirect": ""
          },
          "sensitive_attributes": [],
          "private": "bnVsbA==",
          "dependencies": [
            "module.S3_bucket_source.aws_s3_bucket.etl"
          ]
        }
      ]
    },
    {
      "module": "module.IAM_glue_role",
      "mode": "managed",
      "type": "aws_iam_policy",
      "name": "AWSGlueServicePolicy",
      "provider": "module.IAM_glue_role.provider[\"registry.terraform.io/hashicorp/aws\"]",
      "instances": [
        {
          "schema_version": 0,
          "attributes": {
            "arn": "arn:aws:iam::082306550459:policy/AWSGlueServicePolicyterraform",
            "description": "Allow Glue to access S3, EC2, and Cloudwatch",
            "id": "arn:aws:iam::082306550459:policy/AWSGlueServicePolicyterraform",
            "name": "AWSGlueServicePolicyterraform",
            "name_prefix": null,
            "path": "/",
            "policy": "{\"Statement\":[{\"Action\":[\"glue:*\",\"s3:GetBucketLocation\",\"s3:ListBucket\",\"s3:ListAllMyBuckets\",\"s3:GetBucketAcl\",\"ec2:DescribeVpcEndpoints\",\"ec2:DescribeRouteTables\",\"ec2:CreateNetworkInterface\",\"ec2:DeleteNetworkInterface\",\"ec2:DescribeNetworkInterfaces\",\"ec2:DescribeSecurityGroups\",\"ec2:DescribeSubnets\",\"ec2:DescribeVpcAttribute\",\"iam:ListRolePolicies\",\"iam:GetRole\",\"iam:GetRolePolicy\",\"cloudwatch:PutMetricData\"],\"Effect\":\"Allow\",\"Resource\":[\"*\"]},{\"Action\":[\"s3:CreateBucket\"],\"Effect\":\"Allow\",\"Resource\":[\"arn:aws:s3:::aws-glue-*\"]},{\"Action\":[\"s3:GetObject\",\"s3:PutObject\",\"s3:DeleteObject\"],\"Effect\":\"Allow\",\"Resource\":[\"*\"]},{\"Action\":[\"s3:GetObject\"],\"Effect\":\"Allow\",\"Resource\":[\"arn:aws:s3:::crawler-public*\",\"arn:aws:s3:::aws-glue-*\"]},{\"Action\":[\"logs:CreateLogGroup\",\"logs:CreateLogStream\",\"logs:PutLogEvents\"],\"Effect\":\"Allow\",\"Resource\":[\"*\"]},{\"Action\":[\"ec2:CreateTags\",\"ec2:DeleteTags\"],\"Condition\":{\"ForAllValues:StringEquals\":{\"aws:TagKeys\":[\"aws-glue-service-resource\"]}},\"Effect\":\"Allow\",\"Resource\":[\"arn:aws:ec2:*:*:network-interface/*\",\"arn:aws:ec2:*:*:security-group/*\",\"arn:aws:ec2:*:*:instance/*\"]}],\"Version\":\"2012-10-17\"}",
            "policy_id": "ANPARGKO2JK5YGEVUEWKN",
            "tags": {},
            "tags_all": {}
          },
          "sensitive_attributes": [],
          "private": "bnVsbA=="
        }
      ]
    },
    {
      "module": "module.IAM_glue_role",
      "mode": "managed",
      "type": "aws_iam_role",
      "name": "AWSGlueServiceRole",
      "provider": "module.IAM_glue_role.provider[\"registry.terraform.io/hashicorp/aws\"]",
      "instances": [
        {
          "schema_version": 0,
          "attributes": {
            "arn": "arn:aws:iam::082306550459:role/AWSGlueServiceRoleterraform",
            "assume_role_policy": "{\"Statement\":[{\"Action\":\"sts:AssumeRole\",\"Effect\":\"Allow\",\"Principal\":{\"Service\":\"glue.amazonaws.com\"}}],\"Version\":\"2012-10-17\"}",
            "create_date": "2023-02-21T10:10:43Z",
            "description": "",
            "force_detach_policies": false,
            "id": "AWSGlueServiceRoleterraform",
            "inline_policy": [],
            "managed_policy_arns": [
              "arn:aws:iam::082306550459:policy/AWSGlueServicePolicyterraform"
            ],
            "max_session_duration": 3600,
            "name": "AWSGlueServiceRoleterraform",
            "name_prefix": "",
            "path": "/",
            "permissions_boundary": null,
            "tags": {},
            "tags_all": {},
            "unique_id": "AROARGKO2JK5VIIUY5QNV"
          },
          "sensitive_attributes": [],
          "private": "bnVsbA=="
        }
      ]
    },
    {
      "module": "module.IAM_glue_role",
      "mode": "managed",
      "type": "aws_iam_role_policy_attachment",
      "name": "glue_servicerole_attachment",
      "provider": "module.IAM_glue_role.provider[\"registry.terraform.io/hashicorp/aws\"]",
      "instances": [
        {
          "schema_version": 0,
          "attributes": {
            "id": "AWSGlueServiceRoleterraform-20230221101044398700000001",
            "policy_arn": "arn:aws:iam::082306550459:policy/AWSGlueServicePolicyterraform",
            "role": "AWSGlueServiceRoleterraform"
          },
          "sensitive_attributes": [],
          "private": "bnVsbA==",
          "dependencies": [
            "module.IAM_glue_role.aws_iam_policy.AWSGlueServicePolicy",
            "module.IAM_glue_role.aws_iam_role.AWSGlueServiceRole"
          ]
        }
      ]
    },
    {
      "module": "module.IAM_lambda_role",
      "mode": "managed",
      "type": "aws_iam_policy",
      "name": "LambdaBasicExecutionPolicy",
      "provider": "module.IAM_lambda_role.provider[\"registry.terraform.io/hashicorp/aws\"]",
      "instances": [
        {
          "schema_version": 0,
          "attributes": {
            "arn": "arn:aws:iam::082306550459:policy/AWSLambdaBasicExecutionPolicyterraform",
            "description": "Allow logging for Lambda on Cloudwatch",
            "id": "arn:aws:iam::082306550459:policy/AWSLambdaBasicExecutionPolicyterraform",
            "name": "AWSLambdaBasicExecutionPolicyterraform",
            "name_prefix": null,
            "path": "/",
            "policy": "{\"Statement\":[{\"Action\":[\"logs:CreateLogGroup\",\"logs:CreateLogStream\",\"logs:PutLogEvents\"],\"Effect\":\"Allow\",\"Resource\":\"*\"}],\"Version\":\"2012-10-17\"}",
            "policy_id": "ANPARGKO2JK5YFXAYI73Q",
            "tags": {},
            "tags_all": {}
          },
          "sensitive_attributes": [],
          "private": "bnVsbA=="
        }
      ]
    },
    {
      "module": "module.IAM_lambda_role",
      "mode": "managed",
      "type": "aws_iam_role",
      "name": "iam_lambda_producer",
      "provider": "module.IAM_lambda_role.provider[\"registry.terraform.io/hashicorp/aws\"]",
      "instances": [
        {
          "schema_version": 0,
          "attributes": {
            "arn": "arn:aws:iam::082306550459:role/AWSLambdaBasicExecutionRoleterraform",
            "assume_role_policy": "{\"Statement\":[{\"Action\":\"sts:AssumeRole\",\"Effect\":\"Allow\",\"Principal\":{\"Service\":\"lambda.amazonaws.com\"},\"Sid\":\"\"}],\"Version\":\"2012-10-17\"}",
            "create_date": "2023-02-21T10:10:42Z",
            "description": "",
            "force_detach_policies": false,
            "id": "AWSLambdaBasicExecutionRoleterraform",
            "inline_policy": [],
            "managed_policy_arns": [
              "arn:aws:iam::082306550459:policy/AWSLambdaBasicExecutionPolicyterraform"
            ],
            "max_session_duration": 3600,
            "name": "AWSLambdaBasicExecutionRoleterraform",
            "name_prefix": "",
            "path": "/",
            "permissions_boundary": null,
            "tags": {},
            "tags_all": {},
            "unique_id": "AROARGKO2JK552KATPS7G"
          },
          "sensitive_attributes": [],
          "private": "bnVsbA=="
        }
      ]
    },
    {
      "module": "module.IAM_lambda_role",
      "mode": "managed",
      "type": "aws_iam_role_policy_attachment",
      "name": "Lambda_producer_attachment",
      "provider": "module.IAM_lambda_role.provider[\"registry.terraform.io/hashicorp/aws\"]",
      "instances": [
        {
          "schema_version": 0,
          "attributes": {
            "id": "AWSLambdaBasicExecutionRoleterraform-20230221101044059400000001",
            "policy_arn": "arn:aws:iam::082306550459:policy/AWSLambdaBasicExecutionPolicyterraform",
            "role": "AWSLambdaBasicExecutionRoleterraform"
          },
          "sensitive_attributes": [],
          "private": "bnVsbA==",
          "dependencies": [
            "module.IAM_lambda_role.aws_iam_policy.LambdaBasicExecutionPolicy",
            "module.IAM_lambda_role.aws_iam_role.iam_lambda_producer"
          ]
        }
      ]
    },
    {
      "module": "module.S3_bucket_checkpoint",
      "mode": "managed",
      "type": "aws_s3_bucket",
      "name": "etl",
      "provider": "module.S3_bucket_checkpoint.provider[\"registry.terraform.io/hashicorp/aws\"]",
      "instances": [
        {
          "schema_version": 0,
          "attributes": {
            "acceleration_status": "",
            "acl": "private",
            "arn": "arn:aws:s3:::bitcoin-raw-gluecheckpoint1",
            "bucket": "bitcoin-raw-gluecheckpoint1",
            "bucket_domain_name": "bitcoin-raw-gluecheckpoint1.s3.amazonaws.com",
            "bucket_prefix": null,
            "bucket_regional_domain_name": "bitcoin-raw-gluecheckpoint1.s3.ap-southeast-1.amazonaws.com",
            "cors_rule": [],
            "force_destroy": false,
            "grant": [
              {
                "id": "76eff8129fe8acf1fe8b9868665c500d6a40d0eec7ee8da5112abec170240490",
                "permissions": [
                  "FULL_CONTROL"
                ],
                "type": "CanonicalUser",
                "uri": ""
              }
            ],
            "hosted_zone_id": "Z3O0J2DXBE1FTB",
            "id": "bitcoin-raw-gluecheckpoint1",
            "lifecycle_rule": [],
            "logging": [],
            "object_lock_configuration": [],
            "object_lock_enabled": false,
            "policy": "",
            "region": "ap-southeast-1",
            "replication_configuration": [],
            "request_payer": "BucketOwner",
            "server_side_encryption_configuration": [],
            "tags": {
              "Environment": "Dev",
              "Name": "glue_etl_pipeline"
            },
            "tags_all": {
              "Environment": "Dev",
              "Name": "glue_etl_pipeline"
            },
            "timeouts": null,
            "versioning": [
              {
                "enabled": false,
                "mfa_delete": false
              }
            ],
            "website": [],
            "website_domain": null,
            "website_endpoint": null
          },
          "sensitive_attributes": [],
          "private": "eyJlMmJmYjczMC1lY2FhLTExZTYtOGY4OC0zNDM2M2JjN2M0YzAiOnsiY3JlYXRlIjoxMjAwMDAwMDAwMDAwLCJkZWxldGUiOjM2MDAwMDAwMDAwMDAsInJlYWQiOjEyMDAwMDAwMDAwMDAsInVwZGF0ZSI6MTIwMDAwMDAwMDAwMH19"
        }
      ]
    },
    {
      "module": "module.S3_bucket_destination",
      "mode": "managed",
      "type": "aws_s3_bucket",
      "name": "etl",
      "provider": "module.S3_bucket_destination.provider[\"registry.terraform.io/hashicorp/aws\"]",
      "instances": [
        {
          "schema_version": 0,
          "attributes": {
            "acceleration_status": "",
            "acl": "private",
            "arn": "arn:aws:s3:::bitcoin-raw1",
            "bucket": "bitcoin-raw1",
            "bucket_domain_name": "bitcoin-raw1.s3.amazonaws.com",
            "bucket_prefix": null,
            "bucket_regional_domain_name": "bitcoin-raw1.s3.ap-southeast-1.amazonaws.com",
            "cors_rule": [],
            "force_destroy": false,
            "grant": [
              {
                "id": "76eff8129fe8acf1fe8b9868665c500d6a40d0eec7ee8da5112abec170240490",
                "permissions": [
                  "FULL_CONTROL"
                ],
                "type": "CanonicalUser",
                "uri": ""
              }
            ],
            "hosted_zone_id": "Z3O0J2DXBE1FTB",
            "id": "bitcoin-raw1",
            "lifecycle_rule": [],
            "logging": [],
            "object_lock_configuration": [],
            "object_lock_enabled": false,
            "policy": "",
            "region": "ap-southeast-1",
            "replication_configuration": [],
            "request_payer": "BucketOwner",
            "server_side_encryption_configuration": [],
            "tags": {
              "Environment": "Dev",
              "Name": "glue_etl_pipeline"
            },
            "tags_all": {
              "Environment": "Dev",
              "Name": "glue_etl_pipeline"
            },
            "timeouts": null,
            "versioning": [
              {
                "enabled": false,
                "mfa_delete": false
              }
            ],
            "website": [],
            "website_domain": null,
            "website_endpoint": null
          },
          "sensitive_attributes": [],
          "private": "eyJlMmJmYjczMC1lY2FhLTExZTYtOGY4OC0zNDM2M2JjN2M0YzAiOnsiY3JlYXRlIjoxMjAwMDAwMDAwMDAwLCJkZWxldGUiOjM2MDAwMDAwMDAwMDAsInJlYWQiOjEyMDAwMDAwMDAwMDAsInVwZGF0ZSI6MTIwMDAwMDAwMDAwMH19"
        }
      ]
    },
    {
      "module": "module.S3_bucket_source",
      "mode": "managed",
      "type": "aws_s3_bucket",
      "name": "etl",
      "provider": "module.S3_bucket_source.provider[\"registry.terraform.io/hashicorp/aws\"]",
      "instances": [
        {
          "schema_version": 0,
          "attributes": {
            "acceleration_status": "",
            "acl": "private",
            "arn": "arn:aws:s3:::glue-job-scripts-bitcoin1",
            "bucket": "glue-job-scripts-bitcoin1",
            "bucket_domain_name": "glue-job-scripts-bitcoin1.s3.amazonaws.com",
            "bucket_prefix": null,
            "bucket_regional_domain_name": "glue-job-scripts-bitcoin1.s3.ap-southeast-1.amazonaws.com",
            "cors_rule": [],
            "force_destroy": false,
            "grant": [
              {
                "id": "76eff8129fe8acf1fe8b9868665c500d6a40d0eec7ee8da5112abec170240490",
                "permissions": [
                  "FULL_CONTROL"
                ],
                "type": "CanonicalUser",
                "uri": ""
              }
            ],
            "hosted_zone_id": "Z3O0J2DXBE1FTB",
            "id": "glue-job-scripts-bitcoin1",
            "lifecycle_rule": [],
            "logging": [],
            "object_lock_configuration": [],
            "object_lock_enabled": false,
            "policy": "",
            "region": "ap-southeast-1",
            "replication_configuration": [],
            "request_payer": "BucketOwner",
            "server_side_encryption_configuration": [],
            "tags": {
              "Environment": "Dev",
              "Name": "glue_etl_pipeline"
            },
            "tags_all": {
              "Environment": "Dev",
              "Name": "glue_etl_pipeline"
            },
            "timeouts": null,
            "versioning": [
              {
                "enabled": false,
                "mfa_delete": false
              }
            ],
            "website": [],
            "website_domain": null,
            "website_endpoint": null
          },
          "sensitive_attributes": [],
          "private": "eyJlMmJmYjczMC1lY2FhLTExZTYtOGY4OC0zNDM2M2JjN2M0YzAiOnsiY3JlYXRlIjoxMjAwMDAwMDAwMDAwLCJkZWxldGUiOjM2MDAwMDAwMDAwMDAsInJlYWQiOjEyMDAwMDAwMDAwMDAsInVwZGF0ZSI6MTIwMDAwMDAwMDAwMH19"
        }
      ]
    },
    {
      "module": "module.eventbridge_trigger",
      "mode": "managed",
      "type": "aws_cloudwatch_event_rule",
      "name": "interval_rule",
      "provider": "module.eventbridge_trigger.provider[\"registry.terraform.io/hashicorp/aws\"]",
      "instances": [
        {
          "schema_version": 0,
          "attributes": {
            "arn": "arn:aws:events:ap-southeast-1:082306550459:rule/every-twenty-minutes",
            "description": "invoke lambda function every 20 minutes",
            "event_bus_name": "default",
            "event_pattern": null,
            "id": "every-twenty-minutes",
            "is_enabled": true,
            "name": "every-twenty-minutes",
            "name_prefix": "",
            "role_arn": "",
            "schedule_expression": "rate(20 minutes)",
            "tags": {},
            "tags_all": {}
          },
          "sensitive_attributes": [],
          "private": "bnVsbA=="
        }
      ]
    },
    {
      "module": "module.eventbridge_trigger",
      "mode": "managed",
      "type": "aws_cloudwatch_event_target",
      "name": "check_target",
      "provider": "module.eventbridge_trigger.provider[\"registry.terraform.io/hashicorp/aws\"]",
      "instances": [
        {
          "schema_version": 1,
          "attributes": {
            "arn": "arn:aws:lambda:ap-southeast-1:082306550459:function:lambda-producer_terraform_1",
            "batch_target": [],
            "dead_letter_config": [],
            "ecs_target": [],
            "event_bus_name": "default",
            "http_target": [],
            "id": "every-twenty-minutes-lambda_producer_function_1",
            "input": "",
            "input_path": "",
            "input_transformer": [],
            "kinesis_target": [],
            "redshift_target": [],
            "retry_policy": [],
            "role_arn": "",
            "rule": "every-twenty-minutes",
            "run_command_targets": [],
            "sqs_target": [],
            "target_id": "lambda_producer_function_1"
          },
          "sensitive_attributes": [],
          "private": "eyJzY2hlbWFfdmVyc2lvbiI6IjEifQ==",
          "dependencies": [
            "module.IAM_lambda_role.aws_iam_role.iam_lambda_producer",
            "module.eventbridge_trigger.aws_cloudwatch_event_rule.interval_rule",
            "module.lambda_layer_kafkapython.aws_lambda_layer_version.lambda_layers",
            "module.lambda_layer_requests.aws_lambda_layer_version.lambda_layers",
            "module.lambda_producer_function_1.aws_lambda_function.lambda_function"
          ]
        }
      ]
    },
    {
      "module": "module.glue_job_1",
      "mode": "managed",
      "type": "aws_glue_job",
      "name": "ETLjob",
      "provider": "provider[\"registry.terraform.io/hashicorp/aws\"]",
      "instances": [
        {
          "schema_version": 0,
          "attributes": {
            "arn": "arn:aws:glue:ap-southeast-1:082306550459:job/Kafka-consume-layer-layer_1",
            "command": [
              {
                "name": "glueetl",
                "python_version": "3",
                "script_location": "s3://glue-job-scripts-bitcoin1/layer_1/KafkastreamETL.py"
              }
            ],
            "connections": [],
            "default_arguments": {
              "S3_CHECKPOINT": "bitcoin-raw-gluecheckpoint1",
              "S3_OUTPUT": "bitcoin-raw1"
            },
            "description": "",
            "execution_class": "",
            "execution_property": [
              {
                "max_concurrent_runs": 1
              }
            ],
            "glue_version": "3.0",
            "id": "Kafka-consume-layer-layer_1",
            "max_capacity": 10,
            "max_retries": 0,
            "name": "Kafka-consume-layer-layer_1",
            "non_overridable_arguments": {},
            "notification_property": [],
            "number_of_workers": 10,
            "role_arn": "arn:aws:iam::082306550459:role/AWSGlueServiceRoleterraform",
            "security_configuration": "",
            "tags": {},
            "tags_all": {},
            "timeout": 2880,
            "worker_type": "G.1X"
          },
          "sensitive_attributes": [],
          "private": "bnVsbA==",
          "dependencies": [
            "module.IAM_glue_role.aws_iam_role.AWSGlueServiceRole",
            "module.S3_bucket_checkpoint.aws_s3_bucket.etl",
            "module.S3_bucket_destination.aws_s3_bucket.etl",
            "module.S3_bucket_source.aws_s3_bucket.etl"
          ]
        }
      ]
    },
    {
      "module": "module.glue_trigger_job_1",
      "mode": "managed",
      "type": "aws_glue_trigger",
      "name": "this",
      "provider": "provider[\"registry.terraform.io/hashicorp/aws\"]",
      "instances": [
        {
          "schema_version": 0,
          "attributes": {
            "actions": [
              {
                "arguments": {},
                "crawler_name": "",
                "job_name": "Kafka-consume-layer-layer_1",
                "notification_property": [],
                "security_configuration": "",
                "timeout": 0
              }
            ],
            "arn": "arn:aws:glue:ap-southeast-1:082306550459:trigger/glue_layer_1_trigger",
            "description": "",
            "enabled": true,
            "event_batching_condition": [],
            "id": "glue_layer_1_trigger",
            "name": "glue_layer_1_trigger",
            "predicate": [],
            "schedule": "cron(0/10 * * * ? *)",
            "start_on_creation": null,
            "state": "ACTIVATED",
            "tags": {},
            "tags_all": {},
            "timeouts": null,
            "type": "SCHEDULED",
            "workflow_name": ""
          },
          "sensitive_attributes": [],
          "private": "eyJlMmJmYjczMC1lY2FhLTExZTYtOGY4OC0zNDM2M2JjN2M0YzAiOnsiY3JlYXRlIjozMDAwMDAwMDAwMDAsImRlbGV0ZSI6MzAwMDAwMDAwMDAwfX0=",
          "dependencies": [
            "module.IAM_glue_role.aws_iam_role.AWSGlueServiceRole",
            "module.S3_bucket_checkpoint.aws_s3_bucket.etl",
            "module.S3_bucket_destination.aws_s3_bucket.etl",
            "module.S3_bucket_source.aws_s3_bucket.etl",
            "module.glue_job_1.aws_glue_job.ETLjob"
          ]
        }
      ]
    },
    {
      "module": "module.lambda_layer_kafkapython",
      "mode": "managed",
      "type": "aws_lambda_layer_version",
      "name": "lambda_layers",
      "provider": "module.lambda_layer_kafkapython.provider[\"registry.terraform.io/hashicorp/aws\"]",
      "instances": [
        {
          "schema_version": 0,
          "attributes": {
            "arn": "arn:aws:lambda:ap-southeast-1:082306550459:layer:lambda_layer__terraformkafka-python:2",
            "compatible_architectures": [],
            "compatible_runtimes": [
              "python3.9"
            ],
            "created_date": "2023-02-21T10:10:41.801+0000",
            "description": "",
            "filename": "../../infrastructure/kafka/lambdaproducer/packages/kafka-python.zip",
            "id": "arn:aws:lambda:ap-southeast-1:082306550459:layer:lambda_layer__terraformkafka-python:2",
            "layer_arn": "arn:aws:lambda:ap-southeast-1:082306550459:layer:lambda_layer__terraformkafka-python",
            "layer_name": "lambda_layer__terraformkafka-python",
            "license_info": "",
            "s3_bucket": null,
            "s3_key": null,
            "s3_object_version": null,
            "signing_job_arn": "",
            "signing_profile_version_arn": "",
            "skip_destroy": false,
            "source_code_hash": "z4s+8vAWOlI/qZWuGwUuceU/ym3fag2QqjXhlnALtfg=",
            "source_code_size": 586251,
            "version": "2"
          },
          "sensitive_attributes": [],
          "private": "bnVsbA=="
        }
      ]
    },
    {
      "module": "module.lambda_layer_requests",
      "mode": "managed",
      "type": "aws_lambda_layer_version",
      "name": "lambda_layers",
      "provider": "module.lambda_layer_requests.provider[\"registry.terraform.io/hashicorp/aws\"]",
      "instances": [
        {
          "schema_version": 0,
          "attributes": {
            "arn": "arn:aws:lambda:ap-southeast-1:082306550459:layer:lambda_layer__terraformrequests:2",
            "compatible_architectures": [],
            "compatible_runtimes": [
              "python3.9"
            ],
            "created_date": "2023-02-21T10:10:47.663+0000",
            "description": "",
            "filename": "../../infrastructure/kafka/lambdaproducer/packages/requests.zip",
            "id": "arn:aws:lambda:ap-southeast-1:082306550459:layer:lambda_layer__terraformrequests:2",
            "layer_arn": "arn:aws:lambda:ap-southeast-1:082306550459:layer:lambda_layer__terraformrequests",
            "layer_name": "lambda_layer__terraformrequests",
            "license_info": "",
            "s3_bucket": null,
            "s3_key": null,
            "s3_object_version": null,
            "signing_job_arn": "",
            "signing_profile_version_arn": "",
            "skip_destroy": false,
            "source_code_hash": "W7IDJ8LCVBV2njTAJYxqBlsWjb7qrg8lt9D6AqDKS4A=",
            "source_code_size": 953616,
            "version": "2"
          },
          "sensitive_attributes": [],
          "private": "bnVsbA=="
        }
      ]
    },
    {
      "module": "module.lambda_producer_function_1",
      "mode": "managed",
      "type": "aws_lambda_function",
      "name": "lambda_function",
      "provider": "module.lambda_producer_function_1.provider[\"registry.terraform.io/hashicorp/aws\"]",
      "instances": [
        {
          "schema_version": 0,
          "attributes": {
            "architectures": [
              "x86_64"
            ],
            "arn": "arn:aws:lambda:ap-southeast-1:082306550459:function:lambda-producer_terraform_1",
            "code_signing_config_arn": "",
            "dead_letter_config": [],
            "description": "",
            "environment": [
              {
                "variables": {
                  "API_URLS": "https://api.coincap.io/v2/exchanges",
                  "BOOTSTRAP_SERVERS": "139.99.91.150:9093",
                  "TOPICS": "data-stream-analysis"
                }
              }
            ],
            "ephemeral_storage": [
              {
                "size": 512
              }
            ],
            "file_system_config": [],
            "filename": "../../infrastructure/kafka/lambdaproducer/packages/lambda-producer-deployment-package.zip",
            "function_name": "lambda-producer_terraform_1",
            "handler": "lambda-producer.lambda_handler",
            "id": "lambda-producer_terraform_1",
            "image_config": [],
            "image_uri": "",
            "invoke_arn": "arn:aws:apigateway:ap-southeast-1:lambda:path/2015-03-31/functions/arn:aws:lambda:ap-southeast-1:082306550459:function:lambda-producer_terraform_1/invocations",
            "kms_key_arn": "",
            "last_modified": "2023-02-21T10:11:01.265+0000",
            "layers": [
              "arn:aws:lambda:ap-southeast-1:082306550459:layer:lambda_layer__terraformrequests:2",
              "arn:aws:lambda:ap-southeast-1:082306550459:layer:lambda_layer__terraformkafka-python:2"
            ],
            "memory_size": 128,
            "package_type": "Zip",
            "publish": false,
            "qualified_arn": "arn:aws:lambda:ap-southeast-1:082306550459:function:lambda-producer_terraform_1:$LATEST",
            "qualified_invoke_arn": "arn:aws:apigateway:ap-southeast-1:lambda:path/2015-03-31/functions/arn:aws:lambda:ap-southeast-1:082306550459:function:lambda-producer_terraform_1:$LATEST/invocations",
            "replace_security_groups_on_destroy": null,
            "replacement_security_group_ids": null,
            "reserved_concurrent_executions": -1,
            "role": "arn:aws:iam::082306550459:role/AWSLambdaBasicExecutionRoleterraform",
            "runtime": "python3.9",
            "s3_bucket": null,
            "s3_key": null,
            "s3_object_version": null,
            "signing_job_arn": "",
            "signing_profile_version_arn": "",
            "snap_start": [],
            "source_code_hash": "Jrn91seba9RWEihombZBdq1uCO8Sm4tSxXBc36sPHtg=",
            "source_code_size": 1248,
            "tags": {},
            "tags_all": {},
            "timeout": 900,
            "timeouts": null,
            "tracing_config": [
              {
                "mode": "PassThrough"
              }
            ],
            "version": "$LATEST",
            "vpc_config": []
          },
          "sensitive_attributes": [],
          "private": "eyJlMmJmYjczMC1lY2FhLTExZTYtOGY4OC0zNDM2M2JjN2M0YzAiOnsiY3JlYXRlIjo2MDAwMDAwMDAwMDAsInVwZGF0ZSI6NjAwMDAwMDAwMDAwfX0=",
          "dependencies": [
            "module.IAM_lambda_role.aws_iam_role.iam_lambda_producer",
            "module.lambda_layer_kafkapython.aws_lambda_layer_version.lambda_layers",
            "module.lambda_layer_requests.aws_lambda_layer_version.lambda_layers"
          ]
        }
      ]
    }
  ],
  "check_results": null
}
